
Microsoft Visual Studio Solution File, Format Version 12.00
# Visual Studio Version 17
VisualStudioVersion = 17.1.32228.430
MinimumVisualStudioVersion = 10.0.40219.1
Project("{FAE04EC0-301F-11D3-BF4B-00C04F79EFBC}") = "Unit Testing", "Unit Testing\Unit Testing.csproj", "{C503BAA2-549A-490A-8203-0C6284EEFB3A}"
EndProject
Project("{FAE04EC0-301F-11D3-BF4B-00C04F79EFBC}") = "ATMTest", "ATMTest\ATMTest.csproj", "{19977CAC-7611-4216-AEAD-FD2F4C81F14C}"
EndProject
Global
	GlobalSection(SolutionConfigurationPlatforms) = preSolution
		Debug|Any CPU = Debug|Any CPU
		Release|Any CPU = Release|Any CPU
	EndGlobalSection
	GlobalSection(ProjectConfigurationPlatforms) = postSolution
		{C503BAA2-549A-490A-8203-0C6284EEFB3A}.Debug|Any CPU.ActiveCfg = Debug|Any CPU
		{C503BAA2-549A-490A-8203-0C6284EEFB3A}.Debug|Any CPU.Build.0 = Debug|Any CPU
		{C503BAA2-549A-490A-8203-0C6284EEFB3A}.Release|Any CPU.ActiveCfg = Release|Any CPU
		{C503BAA2-549A-490A-8203-0C6284EEFB3A}.Release|Any CPU.Build.0 = Release|Any CPU
		{19977CAC-7611-4216-AEAD-FD2F4C81F14C}.Debug|Any CPU.ActiveCfg = Debug|Any CPU
		{19977CAC-7611-4216-AEAD-FD2F4C81F14C}.Debug|Any CPU.Build.0 = Debug|Any CPU
		{19977CAC-7611-4216-AEAD-FD2F4C81F14C}.Release|Any CPU.ActiveCfg = Release|Any CPU
		{19977CAC-7611-4216-AEAD-FD2F4C81F14C}.Release|Any CPU.Build.0 = Release|Any CPU
	EndGlobalSection
	GlobalSection(SolutionProperties) = preSolution
		HideSolutionNode = FALSE
	EndGlobalSection
	GlobalSection(ExtensibilityGlobals) = postSolution
		SolutionGuid = {5DDBB706-5696-4E89-844E-1C91E887609B}
	EndGlobalSection
EndGlobal
